
Microsoft Visual Studio Solution File, Format Version 12.00
# Visual Studio 2012
Project("{FAE04EC0-301F-11D3-BF4B-00C04F79EFBC}") = "PortfolioNET", "PortfolioNET\PortfolioNET.csproj", "{A57EB496-8F9C-43B4-AB8A-0BDC25EBDD9B}"
EndProject
Global
	GlobalSection(SolutionConfigurationPlatforms) = preSolution
		Debug|Any CPU = Debug|Any CPU
		Release|Any CPU = Release|Any CPU
	EndGlobalSection
	GlobalSection(ProjectConfigurationPlatforms) = postSolution
		{A57EB496-8F9C-43B4-AB8A-0BDC25EBDD9B}.Debug|Any CPU.ActiveCfg = Debug|Any CPU
		{A57EB496-8F9C-43B4-AB8A-0BDC25EBDD9B}.Debug|Any CPU.Build.0 = Debug|Any CPU
		{A57EB496-8F9C-43B4-AB8A-0BDC25EBDD9B}.Release|Any CPU.ActiveCfg = Release|Any CPU
		{A57EB496-8F9C-43B4-AB8A-0BDC25EBDD9B}.Release|Any CPU.Build.0 = Release|Any CPU
	EndGlobalSection
EndGlobal
